# This is a Gradle generated file for dependency locking.
# Manual edits can break the build and are not advised.
# This file is expected to be part of source control.
antlr:antlr:2.7.7=runtimeClasspath,testRuntimeClasspath
com.android.tools.build:apksig:9.4.1=compileClasspath,runtimeClasspath,testCompileClasspath,testRuntimeClasspath
com.android.tools.smali:smali-baksmali:3.0.10=compileClasspath,runtimeClasspath,testCompileClasspath,testRuntimeClasspath
com.android.tools.smali:smali-dexlib2:3.0.10=compileClasspath,runtimeClasspath,testCompileClasspath,testRuntimeClasspath
com.android.tools.smali:smali-util:3.0.10=runtimeClasspath,testRuntimeClasspath
com.android.tools.smali:smali:3.0.10=compileClasspath,runtimeClasspath,testCompileClasspath,testRuntimeClasspath
com.android.tools:annotations:32.2.1=runtimeClasspath,testRuntimeClasspath
com.android.tools:r8:9.4.24=compileClasspath,runtimeClasspath,testCompileClasspath,testRuntimeClasspath
com.android:zipflinger:9.2.1=compileClasspath,runtimeClasspath,testCompileClasspath,testRuntimeClasspath
com.fasterxml.jackson.core:jackson-annotations:2.20=compileClasspath,runtimeClasspath,testCompileClasspath,testRuntimeClasspath
com.fasterxml.jackson.core:jackson-core:2.20.2=compileClasspath,runtimeClasspath,testCompileClasspath,testRuntimeClasspath
com.fasterxml.jackson.core:jackson-databind:2.20.2=compileClasspath,runtimeClasspath,testCompileClasspath,testRuntimeClasspath
com.fasterxml.jackson:jackson-bom:2.20.2=compileClasspath,runtimeClasspath,testCompileClasspath,testRuntimeClasspath
com.google.code.findbugs:jsr305:3.0.2=runtimeClasspath,testRuntimeClasspath
com.google.errorprone:error_prone_annotations:2.11.0=runtimeClasspath,testRuntimeClasspath
com.google.guava:failureaccess:1.0.1=runtimeClasspath,testRuntimeClasspath
com.google.guava:guava:31.1-android=runtimeClasspath,testRuntimeClasspath
com.google.guava:listenablefuture:9999.0-empty-to-avoid-conflict-with-guava=runtimeClasspath,testRuntimeClasspath
com.google.j2objc:j2objc-annotations:1.3=runtimeClasspath,testRuntimeClasspath
info.picocli:picocli:4.7.7=compileClasspath,runtimeClasspath,testCompileClasspath,testRuntimeClasspath
io.github.reandroid:ARSCLib:1.4.0=compileClasspath,runtimeClasspath,testCompileClasspath,testRuntimeClasspath
org.antlr:ST4:4.0.8=compileClasspath,runtimeClasspath,testCompileClasspath,testRuntimeClasspath
org.antlr:antlr-runtime:3.5.2=compileClasspath,runtimeClasspath,testCompileClasspath,testRuntimeClasspath
org.antlr:antlr:3.5.2=compileClasspath,runtimeClasspath,testCompileClasspath,testRuntimeClasspath
org.antlr:stringtemplate:3.2.1=runtimeClasspath,testRuntimeClasspath
org.apiguardian:apiguardian-api:1.1.2=testCompileClasspath
org.checkerframework:checker-qual:3.12.0=runtimeClasspath,testRuntimeClasspath
org.jcommander:jcommander:1.85=runtimeClasspath,testRuntimeClasspath
org.junit.jupiter:junit-jupiter-api:5.13.4=testCompileClasspath,testRuntimeClasspath
org.junit.jupiter:junit-jupiter-engine:5.13.4=testRuntimeClasspath
org.junit.jupiter:junit-jupiter-params:5.13.4=testCompileClasspath,testRuntimeClasspath
org.junit.jupiter:junit-jupiter:5.13.4=testCompileClasspath,testRuntimeClasspath
org.junit.platform:junit-platform-commons:1.13.4=testCompileClasspath,testRuntimeClasspath
org.junit.platform:junit-platform-engine:1.13.4=testRuntimeClasspath
org.junit.platform:junit-platform-launcher:1.13.4=testRuntimeClasspath
org.junit:junit-bom:5.13.4=testCompileClasspath,testRuntimeClasspath
org.opentest4j:opentest4j:1.3.0=testCompileClasspath,testRuntimeClasspath
empty=annotationProcessor,shadow,testAnnotationProcessor
